
Microsoft Visual Studio Solution File, Format Version 12.00
# Visual Studio Version 16
VisualStudioVersion = 16.0.29102.190
MinimumVisualStudioVersion = 10.0.40219.1
Project("{FAE04EC0-301F-11D3-BF4B-00C04F79EFBC}") = "InfoT", "InfoT\InfoT.csproj", "{DC3F3350-B70E-4D07-9738-9DC9F08C6A85}"
EndProject
Global
	GlobalSection(SolutionConfigurationPlatforms) = preSolution
		Debug|Any CPU = Debug|Any CPU
		Release|Any CPU = Release|Any CPU
	EndGlobalSection
	GlobalSection(ProjectConfigurationPlatforms) = postSolution
		{DC3F3350-B70E-4D07-9738-9DC9F08C6A85}.Debug|Any CPU.ActiveCfg = Debug|Any CPU
		{DC3F3350-B70E-4D07-9738-9DC9F08C6A85}.Debug|Any CPU.Build.0 = Debug|Any CPU
		{DC3F3350-B70E-4D07-9738-9DC9F08C6A85}.Release|Any CPU.ActiveCfg = Release|Any CPU
		{DC3F3350-B70E-4D07-9738-9DC9F08C6A85}.Release|Any CPU.Build.0 = Release|Any CPU
	EndGlobalSection
	GlobalSection(SolutionProperties) = preSolution
		HideSolutionNode = FALSE
	EndGlobalSection
	GlobalSection(ExtensibilityGlobals) = postSolution
		SolutionGuid = {54AFAAF3-1CDF-46DB-ADC0-CBD2AE803C95}
	EndGlobalSection
EndGlobal
